
Microsoft Visual Studio Solution File, Format Version 12.00
# Visual Studio Version 16
VisualStudioVersion = 16.0.30804.86
MinimumVisualStudioVersion = 10.0.40219.1
Project("{FAE04EC0-301F-11D3-BF4B-00C04F79EFBC}") = "PromotionConsoleApp", "PromotionConsoleApp.csproj", "{37DC5B83-4509-42D6-9928-A2F22BD2EE31}"
EndProject
Project("{FAE04EC0-301F-11D3-BF4B-00C04F79EFBC}") = "PromotionTestProject", "..\PromotionTestProject\PromotionTestProject.csproj", "{357E0ADB-EBEF-426A-A145-A78F93A3E1DF}"
EndProject
Global
	GlobalSection(SolutionConfigurationPlatforms) = preSolution
		Debug|Any CPU = Debug|Any CPU
		Release|Any CPU = Release|Any CPU
	EndGlobalSection
	GlobalSection(ProjectConfigurationPlatforms) = postSolution
		{37DC5B83-4509-42D6-9928-A2F22BD2EE31}.Debug|Any CPU.ActiveCfg = Debug|Any CPU
		{37DC5B83-4509-42D6-9928-A2F22BD2EE31}.Debug|Any CPU.Build.0 = Debug|Any CPU
		{37DC5B83-4509-42D6-9928-A2F22BD2EE31}.Release|Any CPU.ActiveCfg = Release|Any CPU
		{37DC5B83-4509-42D6-9928-A2F22BD2EE31}.Release|Any CPU.Build.0 = Release|Any CPU
		{357E0ADB-EBEF-426A-A145-A78F93A3E1DF}.Debug|Any CPU.ActiveCfg = Debug|Any CPU
		{357E0ADB-EBEF-426A-A145-A78F93A3E1DF}.Debug|Any CPU.Build.0 = Debug|Any CPU
		{357E0ADB-EBEF-426A-A145-A78F93A3E1DF}.Release|Any CPU.ActiveCfg = Release|Any CPU
		{357E0ADB-EBEF-426A-A145-A78F93A3E1DF}.Release|Any CPU.Build.0 = Release|Any CPU
	EndGlobalSection
	GlobalSection(SolutionProperties) = preSolution
		HideSolutionNode = FALSE
	EndGlobalSection
	GlobalSection(ExtensibilityGlobals) = postSolution
		SolutionGuid = {2725144F-DF1D-4430-B528-D7BA162F32ED}
	EndGlobalSection
EndGlobal
